{
  "name": "ajs2",
  "version": "1.0.0",
  "lockfileVersion": 2,
  "requires": true,
  "packages": {
    "": {
      "name": "ajs2",
      "version": "1.0.0",
      "license": "ISC",
      "dependencies": {
        "@colins1/ajs": "^1.0.0"
      }
    },
    "node_modules/@colins1/ajs": {
      "version": "1.0.0",
      "resolved": "https://npm.pkg.github.com/download/@colins1/ajs/1.0.0/ff160071067c42b9c3b40780a52a5533154d5f243dffab4f66ac8f81b97f15c1",
      "integrity": "sha512-sD2Og6G/xTZnHXBF8gkjioN1tCbJ5pgcsddVn9QaleVGideHOoXU25FLct9Spa0xvx1ebsXmeeZzhgkuzNHfFg==",
      "license": "ISC"
    }
  },
  "dependencies": {
    "@colins1/ajs": {
      "version": "1.0.0",
      "resolved": "https://npm.pkg.github.com/download/@colins1/ajs/1.0.0/ff160071067c42b9c3b40780a52a5533154d5f243dffab4f66ac8f81b97f15c1",
      "integrity": "sha512-sD2Og6G/xTZnHXBF8gkjioN1tCbJ5pgcsddVn9QaleVGideHOoXU25FLct9Spa0xvx1ebsXmeeZzhgkuzNHfFg=="
    }
  }
}
